
Microsoft Visual Studio Solution File, Format Version 12.00
# Visual Studio Version 17
VisualStudioVersion = 17.3.32804.467
MinimumVisualStudioVersion = 10.0.40219.1
Project("{2150E333-8FDC-42A3-9474-1A3956D46DE8}") = "submodules", "submodules", "{91FCA921-D984-4AA8-9427-734E99B7D2D5}"
EndProject
Project("{9A19103F-16F7-4668-BE54-9A1E7A4F7556}") = "bam.core", "submodules\bam.core\bam.core\bam.core.csproj", "{39F6619A-D4CD-48DE-B4BA-4EDBA144E6A8}"
EndProject
Project("{9A19103F-16F7-4668-BE54-9A1E7A4F7556}") = "bamheart", "bamheart\bamheart.csproj", "{68412C38-3E0D-4A6A-A873-AD99BFA8128A}"
EndProject
Project("{D954291E-2A0B-460D-934E-DC6B0785DB48}") = "bam.net.shared", "submodules\bam.core\submodules\bam.net.shared\bam.net.shared.shproj", "{22DA9F9E-A84F-47EE-A870-3CC845812606}"
EndProject
Global
	GlobalSection(SolutionConfigurationPlatforms) = preSolution
		Debug|Any CPU = Debug|Any CPU
		Release|Any CPU = Release|Any CPU
	EndGlobalSection
	GlobalSection(ProjectConfigurationPlatforms) = postSolution
		{39F6619A-D4CD-48DE-B4BA-4EDBA144E6A8}.Debug|Any CPU.ActiveCfg = Debug|Any CPU
		{39F6619A-D4CD-48DE-B4BA-4EDBA144E6A8}.Debug|Any CPU.Build.0 = Debug|Any CPU
		{39F6619A-D4CD-48DE-B4BA-4EDBA144E6A8}.Release|Any CPU.ActiveCfg = Release|Any CPU
		{39F6619A-D4CD-48DE-B4BA-4EDBA144E6A8}.Release|Any CPU.Build.0 = Release|Any CPU
		{68412C38-3E0D-4A6A-A873-AD99BFA8128A}.Debug|Any CPU.ActiveCfg = Debug|Any CPU
		{68412C38-3E0D-4A6A-A873-AD99BFA8128A}.Debug|Any CPU.Build.0 = Debug|Any CPU
		{68412C38-3E0D-4A6A-A873-AD99BFA8128A}.Release|Any CPU.ActiveCfg = Release|Any CPU
		{68412C38-3E0D-4A6A-A873-AD99BFA8128A}.Release|Any CPU.Build.0 = Release|Any CPU
	EndGlobalSection
	GlobalSection(SolutionProperties) = preSolution
		HideSolutionNode = FALSE
	EndGlobalSection
	GlobalSection(NestedProjects) = preSolution
		{39F6619A-D4CD-48DE-B4BA-4EDBA144E6A8} = {91FCA921-D984-4AA8-9427-734E99B7D2D5}
		{22DA9F9E-A84F-47EE-A870-3CC845812606} = {91FCA921-D984-4AA8-9427-734E99B7D2D5}
	EndGlobalSection
	GlobalSection(ExtensibilityGlobals) = postSolution
		SolutionGuid = {0E284EF8-5578-4C15-BF4C-1BF32C1C219D}
	EndGlobalSection
	GlobalSection(SharedMSBuildProjectFiles) = preSolution
		submodules\bam.core\submodules\bam.net.shared\bam.net.shared.projitems*{22da9f9e-a84f-47ee-a870-3cc845812606}*SharedItemsImports = 13
		submodules\bam.core\submodules\bam.net.shared\bam.net.shared.projitems*{39f6619a-d4cd-48de-b4ba-4edba144e6a8}*SharedItemsImports = 5
	EndGlobalSection
EndGlobal
